
Microsoft Visual Studio Solution File, Format Version 12.00
# Visual Studio Version 17
VisualStudioVersion = 17.14.36518.9 d17.14
MinimumVisualStudioVersion = 10.0.40219.1
Project("{FAE04EC0-301F-11D3-BF4B-00C04F79EFBC}") = "zad6kasd", "zad6kasd\zad6kasd.csproj", "{07314895-BFFB-4077-B486-2D9785B9FE00}"
EndProject
Global
	GlobalSection(SolutionConfigurationPlatforms) = preSolution
		Debug|Any CPU = Debug|Any CPU
		Release|Any CPU = Release|Any CPU
	EndGlobalSection
	GlobalSection(ProjectConfigurationPlatforms) = postSolution
		{07314895-BFFB-4077-B486-2D9785B9FE00}.Debug|Any CPU.ActiveCfg = Debug|Any CPU
		{07314895-BFFB-4077-B486-2D9785B9FE00}.Debug|Any CPU.Build.0 = Debug|Any CPU
		{07314895-BFFB-4077-B486-2D9785B9FE00}.Release|Any CPU.ActiveCfg = Release|Any CPU
		{07314895-BFFB-4077-B486-2D9785B9FE00}.Release|Any CPU.Build.0 = Release|Any CPU
	EndGlobalSection
	GlobalSection(SolutionProperties) = preSolution
		HideSolutionNode = FALSE
	EndGlobalSection
	GlobalSection(ExtensibilityGlobals) = postSolution
		SolutionGuid = {DC604EE4-6DFC-4B7A-A790-B2D39AFCE4BB}
	EndGlobalSection
EndGlobal
