
Microsoft Visual Studio Solution File, Format Version 12.00
# Visual Studio Version 17
VisualStudioVersion = 17.14.36518.9 d17.14
MinimumVisualStudioVersion = 10.0.40219.1
Project("{FAE04EC0-301F-11D3-BF4B-00C04F79EFBC}") = "zad5kasd", "zad5kasd\zad5kasd.csproj", "{CF481066-C0C7-4B44-A481-693D3B2B48FF}"
EndProject
Global
	GlobalSection(SolutionConfigurationPlatforms) = preSolution
		Debug|Any CPU = Debug|Any CPU
		Release|Any CPU = Release|Any CPU
	EndGlobalSection
	GlobalSection(ProjectConfigurationPlatforms) = postSolution
		{CF481066-C0C7-4B44-A481-693D3B2B48FF}.Debug|Any CPU.ActiveCfg = Debug|Any CPU
		{CF481066-C0C7-4B44-A481-693D3B2B48FF}.Debug|Any CPU.Build.0 = Debug|Any CPU
		{CF481066-C0C7-4B44-A481-693D3B2B48FF}.Release|Any CPU.ActiveCfg = Release|Any CPU
		{CF481066-C0C7-4B44-A481-693D3B2B48FF}.Release|Any CPU.Build.0 = Release|Any CPU
	EndGlobalSection
	GlobalSection(SolutionProperties) = preSolution
		HideSolutionNode = FALSE
	EndGlobalSection
	GlobalSection(ExtensibilityGlobals) = postSolution
		SolutionGuid = {FD16F8A8-3A31-4E0B-9CBD-CDA2D902296C}
	EndGlobalSection
EndGlobal
