
Microsoft Visual Studio Solution File, Format Version 12.00
# Visual Studio Version 17
VisualStudioVersion = 17.14.36518.9 d17.14
MinimumVisualStudioVersion = 10.0.40219.1
Project("{FAE04EC0-301F-11D3-BF4B-00C04F79EFBC}") = "8kasd", "8kasd\8kasd.csproj", "{89A9A3A5-7FA2-4243-AEFD-1225011EEDC0}"
EndProject
Global
	GlobalSection(SolutionConfigurationPlatforms) = preSolution
		Debug|Any CPU = Debug|Any CPU
		Release|Any CPU = Release|Any CPU
	EndGlobalSection
	GlobalSection(ProjectConfigurationPlatforms) = postSolution
		{89A9A3A5-7FA2-4243-AEFD-1225011EEDC0}.Debug|Any CPU.ActiveCfg = Debug|Any CPU
		{89A9A3A5-7FA2-4243-AEFD-1225011EEDC0}.Debug|Any CPU.Build.0 = Debug|Any CPU
		{89A9A3A5-7FA2-4243-AEFD-1225011EEDC0}.Release|Any CPU.ActiveCfg = Release|Any CPU
		{89A9A3A5-7FA2-4243-AEFD-1225011EEDC0}.Release|Any CPU.Build.0 = Release|Any CPU
	EndGlobalSection
	GlobalSection(SolutionProperties) = preSolution
		HideSolutionNode = FALSE
	EndGlobalSection
	GlobalSection(ExtensibilityGlobals) = postSolution
		SolutionGuid = {70B5EF59-A2E4-4348-9A01-5B4E768A7170}
	EndGlobalSection
EndGlobal
